
Microsoft Visual Studio Solution File, Format Version 12.00
# Visual Studio 15
VisualStudioVersion = 15.0.27428.1
MinimumVisualStudioVersion = 10.0.40219.1
Project("{FAE04EC0-301F-11D3-BF4B-00C04F79EFBC}") = "consoleApp", "consoleApp.csproj", "{9F5E67F1-F9A5-4DBF-AD8B-01F4326AEEBD}"
EndProject
Global
	GlobalSection(SolutionConfigurationPlatforms) = preSolution
		Debug|Any CPU = Debug|Any CPU
		Release|Any CPU = Release|Any CPU
	EndGlobalSection
	GlobalSection(ProjectConfigurationPlatforms) = postSolution
		{9F5E67F1-F9A5-4DBF-AD8B-01F4326AEEBD}.Debug|Any CPU.ActiveCfg = Debug|Any CPU
		{9F5E67F1-F9A5-4DBF-AD8B-01F4326AEEBD}.Debug|Any CPU.Build.0 = Debug|Any CPU
		{9F5E67F1-F9A5-4DBF-AD8B-01F4326AEEBD}.Release|Any CPU.ActiveCfg = Release|Any CPU
		{9F5E67F1-F9A5-4DBF-AD8B-01F4326AEEBD}.Release|Any CPU.Build.0 = Release|Any CPU
	EndGlobalSection
	GlobalSection(SolutionProperties) = preSolution
		HideSolutionNode = FALSE
	EndGlobalSection
	GlobalSection(ExtensibilityGlobals) = postSolution
		SolutionGuid = {5A387DF9-D2AE-46FA-A1EB-59E1C9E32901}
	EndGlobalSection
EndGlobal
